
Microsoft Visual Studio Solution File, Format Version 12.00
# Visual Studio 14
VisualStudioVersion = 14.0.23107.0
MinimumVisualStudioVersion = 10.0.40219.1
Project("{FAE04EC0-301F-11D3-BF4B-00C04F79EFBC}") = "ReportApp", "ReportApp\ReportApp.csproj", "{358E082C-4E8B-4CB4-9EA7-26DF233330E5}"
EndProject
Project("{FAE04EC0-301F-11D3-BF4B-00C04F79EFBC}") = "ReportApp.Tests", "ReportApp.Tests\ReportApp.Tests.csproj", "{159407D8-4CF9-4D53-9CFA-B85332B9D1CC}"
EndProject
Project("{FAE04EC0-301F-11D3-BF4B-00C04F79EFBC}") = "ReportApp.Domain", "ReportApp.Domain\ReportApp.Domain.csproj", "{94A005DD-7174-479D-AAF4-BEBBAF4F028D}"
EndProject
Project("{FAE04EC0-301F-11D3-BF4B-00C04F79EFBC}") = "ReportApp.API", "ReportApp.API\ReportApp.API.csproj", "{F193D801-3B39-4F53-83A9-3B01F1DA6419}"
EndProject
Global
	GlobalSection(SolutionConfigurationPlatforms) = preSolution
		Debug|Any CPU = Debug|Any CPU
		Release|Any CPU = Release|Any CPU
	EndGlobalSection
	GlobalSection(ProjectConfigurationPlatforms) = postSolution
		{358E082C-4E8B-4CB4-9EA7-26DF233330E5}.Debug|Any CPU.ActiveCfg = Debug|Any CPU
		{358E082C-4E8B-4CB4-9EA7-26DF233330E5}.Debug|Any CPU.Build.0 = Debug|Any CPU
		{358E082C-4E8B-4CB4-9EA7-26DF233330E5}.Release|Any CPU.ActiveCfg = Release|Any CPU
		{358E082C-4E8B-4CB4-9EA7-26DF233330E5}.Release|Any CPU.Build.0 = Release|Any CPU
		{159407D8-4CF9-4D53-9CFA-B85332B9D1CC}.Debug|Any CPU.ActiveCfg = Debug|Any CPU
		{159407D8-4CF9-4D53-9CFA-B85332B9D1CC}.Debug|Any CPU.Build.0 = Debug|Any CPU
		{159407D8-4CF9-4D53-9CFA-B85332B9D1CC}.Release|Any CPU.ActiveCfg = Release|Any CPU
		{159407D8-4CF9-4D53-9CFA-B85332B9D1CC}.Release|Any CPU.Build.0 = Release|Any CPU
		{94A005DD-7174-479D-AAF4-BEBBAF4F028D}.Debug|Any CPU.ActiveCfg = Debug|Any CPU
		{94A005DD-7174-479D-AAF4-BEBBAF4F028D}.Debug|Any CPU.Build.0 = Debug|Any CPU
		{94A005DD-7174-479D-AAF4-BEBBAF4F028D}.Release|Any CPU.ActiveCfg = Release|Any CPU
		{94A005DD-7174-479D-AAF4-BEBBAF4F028D}.Release|Any CPU.Build.0 = Release|Any CPU
		{F193D801-3B39-4F53-83A9-3B01F1DA6419}.Debug|Any CPU.ActiveCfg = Debug|Any CPU
		{F193D801-3B39-4F53-83A9-3B01F1DA6419}.Debug|Any CPU.Build.0 = Debug|Any CPU
		{F193D801-3B39-4F53-83A9-3B01F1DA6419}.Release|Any CPU.ActiveCfg = Release|Any CPU
		{F193D801-3B39-4F53-83A9-3B01F1DA6419}.Release|Any CPU.Build.0 = Release|Any CPU
	EndGlobalSection
	GlobalSection(SolutionProperties) = preSolution
		HideSolutionNode = FALSE
	EndGlobalSection
EndGlobal
