
Microsoft Visual Studio Solution File, Format Version 12.00
# Visual Studio 2013
VisualStudioVersion = 12.0.21005.1
MinimumVisualStudioVersion = 10.0.40219.1
Project("{FAE04EC0-301F-11D3-BF4B-00C04F79EFBC}") = "ReportApp.Infrastructure", "ReportApp.Infrastructure\ReportApp.Infrastructure.csproj", "{F193D801-3B39-4F53-83A9-3B01F1DA6419}"
EndProject
Project("{2150E333-8FDC-42A3-9474-1A3956D46DE8}") = "Database", "Database", "{3B46D170-D4CF-4298-99FA-4D8A040AF03C}"
EndProject
Project("{00D1A9C2-B5F0-4AF3-8072-F6C62B433612}") = "ReportAppDB", "ReportAppDB\ReportAppDB.sqlproj", "{F8449459-FDCC-4A16-92BE-CC4CDE7439BB}"
EndProject
Project("{FAE04EC0-301F-11D3-BF4B-00C04F79EFBC}") = "ReportApp.WebApp", "ReportApp.WebApp\ReportApp.WebApp.csproj", "{870A3820-C291-47DF-B4A9-4E031916C86A}"
EndProject
Project("{FAE04EC0-301F-11D3-BF4B-00C04F79EFBC}") = "ReportAppWebApp.UnitTests", "ReportAppWebApp.UnitTests\ReportAppWebApp.UnitTests.csproj", "{1D99DA2B-FE1B-44D9-82D2-4383FFD0FA98}"
EndProject
Global
	GlobalSection(SolutionConfigurationPlatforms) = preSolution
		Debug|Any CPU = Debug|Any CPU
		Debug|x86 = Debug|x86
		Release|Any CPU = Release|Any CPU
		Release|x86 = Release|x86
	EndGlobalSection
	GlobalSection(ProjectConfigurationPlatforms) = postSolution
		{F193D801-3B39-4F53-83A9-3B01F1DA6419}.Debug|Any CPU.ActiveCfg = Debug|Any CPU
		{F193D801-3B39-4F53-83A9-3B01F1DA6419}.Debug|Any CPU.Build.0 = Debug|Any CPU
		{F193D801-3B39-4F53-83A9-3B01F1DA6419}.Debug|x86.ActiveCfg = Debug|x86
		{F193D801-3B39-4F53-83A9-3B01F1DA6419}.Debug|x86.Build.0 = Debug|x86
		{F193D801-3B39-4F53-83A9-3B01F1DA6419}.Release|Any CPU.ActiveCfg = Release|Any CPU
		{F193D801-3B39-4F53-83A9-3B01F1DA6419}.Release|Any CPU.Build.0 = Release|Any CPU
		{F193D801-3B39-4F53-83A9-3B01F1DA6419}.Release|x86.ActiveCfg = Release|x86
		{F193D801-3B39-4F53-83A9-3B01F1DA6419}.Release|x86.Build.0 = Release|x86
		{F8449459-FDCC-4A16-92BE-CC4CDE7439BB}.Debug|Any CPU.ActiveCfg = Debug|Any CPU
		{F8449459-FDCC-4A16-92BE-CC4CDE7439BB}.Debug|Any CPU.Build.0 = Debug|Any CPU
		{F8449459-FDCC-4A16-92BE-CC4CDE7439BB}.Debug|Any CPU.Deploy.0 = Debug|Any CPU
		{F8449459-FDCC-4A16-92BE-CC4CDE7439BB}.Debug|x86.ActiveCfg = Debug|Any CPU
		{F8449459-FDCC-4A16-92BE-CC4CDE7439BB}.Debug|x86.Build.0 = Debug|Any CPU
		{F8449459-FDCC-4A16-92BE-CC4CDE7439BB}.Debug|x86.Deploy.0 = Debug|Any CPU
		{F8449459-FDCC-4A16-92BE-CC4CDE7439BB}.Release|Any CPU.ActiveCfg = Release|Any CPU
		{F8449459-FDCC-4A16-92BE-CC4CDE7439BB}.Release|Any CPU.Build.0 = Release|Any CPU
		{F8449459-FDCC-4A16-92BE-CC4CDE7439BB}.Release|Any CPU.Deploy.0 = Release|Any CPU
		{F8449459-FDCC-4A16-92BE-CC4CDE7439BB}.Release|x86.ActiveCfg = Release|Any CPU
		{F8449459-FDCC-4A16-92BE-CC4CDE7439BB}.Release|x86.Build.0 = Release|Any CPU
		{F8449459-FDCC-4A16-92BE-CC4CDE7439BB}.Release|x86.Deploy.0 = Release|Any CPU
		{870A3820-C291-47DF-B4A9-4E031916C86A}.Debug|Any CPU.ActiveCfg = Debug|Any CPU
		{870A3820-C291-47DF-B4A9-4E031916C86A}.Debug|Any CPU.Build.0 = Debug|Any CPU
		{870A3820-C291-47DF-B4A9-4E031916C86A}.Debug|x86.ActiveCfg = Debug|x86
		{870A3820-C291-47DF-B4A9-4E031916C86A}.Debug|x86.Build.0 = Debug|x86
		{870A3820-C291-47DF-B4A9-4E031916C86A}.Release|Any CPU.ActiveCfg = Release|Any CPU
		{870A3820-C291-47DF-B4A9-4E031916C86A}.Release|Any CPU.Build.0 = Release|Any CPU
		{870A3820-C291-47DF-B4A9-4E031916C86A}.Release|x86.ActiveCfg = Release|x86
		{870A3820-C291-47DF-B4A9-4E031916C86A}.Release|x86.Build.0 = Release|x86
		{1D99DA2B-FE1B-44D9-82D2-4383FFD0FA98}.Debug|Any CPU.ActiveCfg = Debug|Any CPU
		{1D99DA2B-FE1B-44D9-82D2-4383FFD0FA98}.Debug|Any CPU.Build.0 = Debug|Any CPU
		{1D99DA2B-FE1B-44D9-82D2-4383FFD0FA98}.Debug|x86.ActiveCfg = Debug|Any CPU
		{1D99DA2B-FE1B-44D9-82D2-4383FFD0FA98}.Release|Any CPU.ActiveCfg = Release|Any CPU
		{1D99DA2B-FE1B-44D9-82D2-4383FFD0FA98}.Release|Any CPU.Build.0 = Release|Any CPU
		{1D99DA2B-FE1B-44D9-82D2-4383FFD0FA98}.Release|x86.ActiveCfg = Release|Any CPU
	EndGlobalSection
	GlobalSection(SolutionProperties) = preSolution
		HideSolutionNode = FALSE
	EndGlobalSection
	GlobalSection(NestedProjects) = preSolution
		{F8449459-FDCC-4A16-92BE-CC4CDE7439BB} = {3B46D170-D4CF-4298-99FA-4D8A040AF03C}
	EndGlobalSection
EndGlobal
